
Microsoft Visual Studio Solution File, Format Version 12.00
# Visual Studio 2012
Project("{FAE04EC0-301F-11D3-BF4B-00C04F79EFBC}") = "FeedMeHash", "FeedMeHash\FeedMeHash.csproj", "{F072601A-21AD-482C-8856-E6CD8B39DCA8}"
EndProject
Global
	GlobalSection(SolutionConfigurationPlatforms) = preSolution
		Debug|Any CPU = Debug|Any CPU
		Release|Any CPU = Release|Any CPU
	EndGlobalSection
	GlobalSection(ProjectConfigurationPlatforms) = postSolution
		{F072601A-21AD-482C-8856-E6CD8B39DCA8}.Debug|Any CPU.ActiveCfg = Debug|Any CPU
		{F072601A-21AD-482C-8856-E6CD8B39DCA8}.Debug|Any CPU.Build.0 = Debug|Any CPU
		{F072601A-21AD-482C-8856-E6CD8B39DCA8}.Release|Any CPU.ActiveCfg = Release|Any CPU
		{F072601A-21AD-482C-8856-E6CD8B39DCA8}.Release|Any CPU.Build.0 = Release|Any CPU
	EndGlobalSection
	GlobalSection(SolutionProperties) = preSolution
		HideSolutionNode = FALSE
	EndGlobalSection
EndGlobal
